
Microsoft Visual Studio Solution File, Format Version 12.00
# Visual Studio Version 16
VisualStudioVersion = 16.0.31729.503
MinimumVisualStudioVersion = 10.0.40219.1
Project("{8BC9CEB8-8B4A-11D0-8D11-00A0C91BC942}") = "lab 7.2 iter", "lab 7.2 iter\lab 7.2 iter.vcxproj", "{7B6FE061-5219-4D3E-9C6A-5FD86D13C9C6}"
EndProject
Project("{8BC9CEB8-8B4A-11D0-8D11-00A0C91BC942}") = "UnitTest1", "UnitTest1\UnitTest1.vcxproj", "{E804FAB2-868B-4A78-9942-2F2DBB03D37F}"
EndProject
Global
	GlobalSection(SolutionConfigurationPlatforms) = preSolution
		Debug|x64 = Debug|x64
		Debug|x86 = Debug|x86
		Release|x64 = Release|x64
		Release|x86 = Release|x86
	EndGlobalSection
	GlobalSection(ProjectConfigurationPlatforms) = postSolution
		{7B6FE061-5219-4D3E-9C6A-5FD86D13C9C6}.Debug|x64.ActiveCfg = Debug|x64
		{7B6FE061-5219-4D3E-9C6A-5FD86D13C9C6}.Debug|x64.Build.0 = Debug|x64
		{7B6FE061-5219-4D3E-9C6A-5FD86D13C9C6}.Debug|x86.ActiveCfg = Debug|Win32
		{7B6FE061-5219-4D3E-9C6A-5FD86D13C9C6}.Debug|x86.Build.0 = Debug|Win32
		{7B6FE061-5219-4D3E-9C6A-5FD86D13C9C6}.Release|x64.ActiveCfg = Release|x64
		{7B6FE061-5219-4D3E-9C6A-5FD86D13C9C6}.Release|x64.Build.0 = Release|x64
		{7B6FE061-5219-4D3E-9C6A-5FD86D13C9C6}.Release|x86.ActiveCfg = Release|Win32
		{7B6FE061-5219-4D3E-9C6A-5FD86D13C9C6}.Release|x86.Build.0 = Release|Win32
		{E804FAB2-868B-4A78-9942-2F2DBB03D37F}.Debug|x64.ActiveCfg = Debug|x64
		{E804FAB2-868B-4A78-9942-2F2DBB03D37F}.Debug|x64.Build.0 = Debug|x64
		{E804FAB2-868B-4A78-9942-2F2DBB03D37F}.Debug|x86.ActiveCfg = Debug|Win32
		{E804FAB2-868B-4A78-9942-2F2DBB03D37F}.Debug|x86.Build.0 = Debug|Win32
		{E804FAB2-868B-4A78-9942-2F2DBB03D37F}.Release|x64.ActiveCfg = Release|x64
		{E804FAB2-868B-4A78-9942-2F2DBB03D37F}.Release|x64.Build.0 = Release|x64
		{E804FAB2-868B-4A78-9942-2F2DBB03D37F}.Release|x86.ActiveCfg = Release|Win32
		{E804FAB2-868B-4A78-9942-2F2DBB03D37F}.Release|x86.Build.0 = Release|Win32
	EndGlobalSection
	GlobalSection(SolutionProperties) = preSolution
		HideSolutionNode = FALSE
	EndGlobalSection
	GlobalSection(ExtensibilityGlobals) = postSolution
		SolutionGuid = {2EE19210-36EC-48C3-997D-F177139234A3}
	EndGlobalSection
EndGlobal
